
Microsoft Visual Studio Solution File, Format Version 12.00
# Visual Studio 15
VisualStudioVersion = 15.0.26430.13
MinimumVisualStudioVersion = 10.0.40219.1
Project("{FAE04EC0-301F-11D3-BF4B-00C04F79EFBC}") = "PascalsTrinagle", "PascalsTrinagle\PascalsTrinagle.csproj", "{905D77DB-0F99-4AD6-93B8-20C4A6B9F3CF}"
EndProject
Global
	GlobalSection(SolutionConfigurationPlatforms) = preSolution
		Debug|Any CPU = Debug|Any CPU
		Release|Any CPU = Release|Any CPU
	EndGlobalSection
	GlobalSection(ProjectConfigurationPlatforms) = postSolution
		{905D77DB-0F99-4AD6-93B8-20C4A6B9F3CF}.Debug|Any CPU.ActiveCfg = Debug|Any CPU
		{905D77DB-0F99-4AD6-93B8-20C4A6B9F3CF}.Debug|Any CPU.Build.0 = Debug|Any CPU
		{905D77DB-0F99-4AD6-93B8-20C4A6B9F3CF}.Release|Any CPU.ActiveCfg = Release|Any CPU
		{905D77DB-0F99-4AD6-93B8-20C4A6B9F3CF}.Release|Any CPU.Build.0 = Release|Any CPU
	EndGlobalSection
	GlobalSection(SolutionProperties) = preSolution
		HideSolutionNode = FALSE
	EndGlobalSection
EndGlobal
